{
  "name": "@kerbojs/cli",
  "version": "0.1.0-alpha.1",
  "lockfileVersion": 3,
  "requires": true,
  "packages": {
    "": {
      "name": "@kerbojs/cli",
      "version": "0.1.0-alpha.1",
      "license": "MIT",
      "dependencies": {
        "@kerbojs/core": "^0.1.0-alpha.1"
      },
      "bin": {
        "kerbojs": "index.js"
      }
    },
    "../core": {
      "name": "@kerbojs/core",
      "version": "0.1.0-alpha.1",
      "license": "MIT"
    },
    "../types": {
      "name": "@kerbojs/types",
      "version": "0.1.0-alpha.1",
      "extraneous": true,
      "license": "MIT"
    },
    "node_modules/@kerbojs/core": {
      "resolved": "../core",
      "link": true
    }
  }
}
